{
  "name": "ospushplugin",
  "version": "1.0.0",
  "lockfileVersion": 3,
  "requires": true,
  "packages": {
    "": {
      "name": "ospushplugin",
      "version": "1.0.0",
      "license": "ISC",
      "devDependencies": {
        "@havesource/cordova-plugin-push": "github:havesource/cordova-plugin-push",
        "cordova-plugin-push": "^0.0.1"
      }
    },
    "node_modules/@havesource/cordova-plugin-push": {
      "version": "5.0.6-dev.0",
      "resolved": "git+ssh://git@github.com/havesource/cordova-plugin-push.git#c7dce4c0b316e8c3af0c1d664130fb2a780e6e21",
      "dev": true,
      "license": "MIT",
      "engines": {
        "cordovaDependencies": {
          "1.0.0": {
            "cordova": ">=10.0.0",
            "cordova-android": ">=8.0.0",
            "cordova-ios": ">=5.1.1"
          },
          "2.0.0": {
            "cordova": ">=10.0.0",
            "cordova-android": ">=8.0.0",
            "cordova-ios": ">=6.0.0"
          },
          "3.0.0": {
            "cordova": ">=10.0.0",
            "cordova-android": ">=9.0.0",
            "cordova-ios": ">=6.0.0"
          },
          "4.0.0": {
            "cordova": ">=10.0.0",
            "cordova-android": ">=12.0.0",
            "cordova-ios": ">=6.0.0"
          },
          "5.0.0": {
            "cordova": ">=10.0.0",
            "cordova-android": ">=12.0.0",
            "cordova-ios": ">=6.0.0"
          }
        }
      }
    },
    "node_modules/cordova-plugin-push": {
      "version": "0.0.1",
      "resolved": "https://registry.npmjs.org/cordova-plugin-push/-/cordova-plugin-push-0.0.1.tgz",
      "integrity": "sha512-YTH26sXHiauakUB0V4SLsD9i86Erd+m3ttZUbjAKvgqky+pLU4akFKNMsY1H+KT1D6bH/o+KDtnGWm5s9lfH2A==",
      "dev": true,
      "license": "MIT"
    }
  }
}
